
Microsoft Visual Studio Solution File, Format Version 12.00
# Visual Studio Version 17
VisualStudioVersion = 17.9.34714.143
MinimumVisualStudioVersion = 10.0.40219.1
Project("{FAE04EC0-301F-11D3-BF4B-00C04F79EFBC}") = "Autonumbering", "Autonumbering\Autonumbering.csproj", "{62B1808C-FCD9-426C-8496-31A775BEDEA5}"
EndProject
Global
	GlobalSection(SolutionConfigurationPlatforms) = preSolution
		Debug|Any CPU = Debug|Any CPU
		Release|Any CPU = Release|Any CPU
	EndGlobalSection
	GlobalSection(ProjectConfigurationPlatforms) = postSolution
		{62B1808C-FCD9-426C-8496-31A775BEDEA5}.Debug|Any CPU.ActiveCfg = Debug|Any CPU
		{62B1808C-FCD9-426C-8496-31A775BEDEA5}.Debug|Any CPU.Build.0 = Debug|Any CPU
		{62B1808C-FCD9-426C-8496-31A775BEDEA5}.Release|Any CPU.ActiveCfg = Release|Any CPU
		{62B1808C-FCD9-426C-8496-31A775BEDEA5}.Release|Any CPU.Build.0 = Release|Any CPU
	EndGlobalSection
	GlobalSection(SolutionProperties) = preSolution
		HideSolutionNode = FALSE
	EndGlobalSection
	GlobalSection(ExtensibilityGlobals) = postSolution
		SolutionGuid = {7D10365E-9706-45AF-9B15-B77C0E515527}
	EndGlobalSection
EndGlobal
